<?xml version="1.0" encoding="utf-8"?>
<Project ToolsVersion="4.0" xmlns="http://schemas.microsoft.com/developer/msbuild/2003">
  <ItemGroup>
    <Filter Include="Исходные файлы">
      <UniqueIdentifier>{4FC737F1-C7A5-4376-A066-2A32D752A2FF}</UniqueIdentifier>
      <Extensions>cpp;c;cc;cxx;c++;cppm;ixx;def;odl;idl;hpj;bat;asm;asmx</Extensions>
    </Filter>
    <Filter Include="Файлы заголовков">
      <UniqueIdentifier>{93995380-89BD-4b04-88EB-625FBE52EBFB}</UniqueIdentifier>
      <Extensions>h;hh;hpp;hxx;h++;hm;inl;inc;ipp;xsd</Extensions>
    </Filter>
    <Filter Include="Файлы ресурсов">
      <UniqueIdentifier>{67DA6AB6-F800-4c08-8B7A-83BB121AAD01}</UniqueIdentifier>
      <Extensions>rc;ico;cur;bmp;dlg;rc2;rct;bin;rgs;gif;jpg;jpeg;jpe;resx;tiff;tif;png;wav;mfcribbon-ms</Extensions>
    </Filter>
    <Filter Include="WinAppWindow">
      <UniqueIdentifier>{9fbc6bbf-98e8-43dc-9df3-a985c0cb0111}</UniqueIdentifier>
    </Filter>
    <Filter Include="Drivers">
      <UniqueIdentifier>{2d2183d0-e02c-4662-a276-24e8490b053f}</UniqueIdentifier>
    </Filter>
    <Filter Include="Drivers\WinIndicator">
      <UniqueIdentifier>{d6b5f9e3-18cc-4812-af48-5b48d80a6bc0}</UniqueIdentifier>
    </Filter>
    <Filter Include="Drivers\DI">
      <UniqueIdentifier>{b5c9dc6d-589b-4755-9cfe-bfcec54ff460}</UniqueIdentifier>
    </Filter>
    <Filter Include="threads">
      <UniqueIdentifier>{b1e9a00f-196a-45cb-aa6d-72934ca55c3a}</UniqueIdentifier>
    </Filter>
  </ItemGroup>
  <ItemGroup>
    <ClInclude Include="framework.h">
      <Filter>Файлы заголовков</Filter>
    </ClInclude>
    <ClInclude Include="targetver.h">
      <Filter>Файлы заголовков</Filter>
    </ClInclude>
    <ClInclude Include="Resource.h">
      <Filter>Файлы заголовков</Filter>
    </ClInclude>
    <ClInclude Include="LIP-emulator.h">
      <Filter>Файлы заголовков</Filter>
    </ClInclude>
    <ClInclude Include="WinAppWindow\MainWindow.h">
      <Filter>WinAppWindow</Filter>
    </ClInclude>
    <ClInclude Include="Divers\WinIndicator\Win7Segment.h">
      <Filter>Drivers\WinIndicator</Filter>
    </ClInclude>
    <ClInclude Include="Divers\WinIndicator\BaseWindow.h">
      <Filter>Drivers\WinIndicator</Filter>
    </ClInclude>
    <ClInclude Include="Divers\WinIndicator\WinLIP_5Nx.h">
      <Filter>Drivers\WinIndicator</Filter>
    </ClInclude>
    <ClInclude Include="Divers\WinIndicator\Segment.h">
      <Filter>Drivers\WinIndicator</Filter>
    </ClInclude>
    <ClInclude Include="Divers\WinIndicator\WinLIPModule.h">
      <Filter>Drivers\WinIndicator</Filter>
    </ClInclude>
    <ClInclude Include="Divers\WinIndicator\IndicatorContainer.h">
      <Filter>Drivers\WinIndicator</Filter>
    </ClInclude>
    <ClInclude Include="Divers\BaseObject.h">
      <Filter>Drivers</Filter>
    </ClInclude>
    <ClInclude Include="Divers\DI\WinDI.h">
      <Filter>Drivers\DI</Filter>
    </ClInclude>
    <ClInclude Include="MainThread.h">
      <Filter>threads</Filter>
    </ClInclude>
  </ItemGroup>
  <ItemGroup>
    <ClCompile Include="LIP-emulator.cpp">
      <Filter>Исходные файлы</Filter>
    </ClCompile>
    <ClCompile Include="WinAppWindow\MainWindow.cpp">
      <Filter>WinAppWindow</Filter>
    </ClCompile>
    <ClCompile Include="Divers\WinIndicator\Win7Segment.cpp">
      <Filter>Drivers\WinIndicator</Filter>
    </ClCompile>
    <ClCompile Include="Divers\WinIndicator\BaseWindow.cpp">
      <Filter>Drivers\WinIndicator</Filter>
    </ClCompile>
    <ClCompile Include="Divers\WinIndicator\WinLIP_5Nx.cpp">
      <Filter>Drivers\WinIndicator</Filter>
    </ClCompile>
    <ClCompile Include="Divers\WinIndicator\Segment.cpp">
      <Filter>Drivers\WinIndicator</Filter>
    </ClCompile>
    <ClCompile Include="Divers\WinIndicator\WinLIPModule.cpp">
      <Filter>Drivers\WinIndicator</Filter>
    </ClCompile>
    <ClCompile Include="Divers\WinIndicator\IndicatorContainer.cpp">
      <Filter>Drivers\WinIndicator</Filter>
    </ClCompile>
    <ClCompile Include="Divers\BaseObject.cpp">
      <Filter>Drivers</Filter>
    </ClCompile>
    <ClCompile Include="Divers\DI\WinDI.cpp">
      <Filter>Drivers\DI</Filter>
    </ClCompile>
    <ClCompile Include="threads\MainThread.cpp">
      <Filter>threads</Filter>
    </ClCompile>
  </ItemGroup>
  <ItemGroup>
    <ResourceCompile Include="LIP-emulator.rc">
      <Filter>Файлы ресурсов</Filter>
    </ResourceCompile>
  </ItemGroup>
  <ItemGroup>
    <Image Include="small.ico">
      <Filter>Файлы ресурсов</Filter>
    </Image>
    <Image Include="LIP-emulator.ico">
      <Filter>Файлы ресурсов</Filter>
    </Image>
  </ItemGroup>
</Project>