<?xml version="1.0" encoding="utf-8"?>
<Project ToolsVersion="4.0" xmlns="http://schemas.microsoft.com/developer/msbuild/2003">
  <ItemGroup>
    <Filter Include="Исходные файлы">
      <UniqueIdentifier>{4FC737F1-C7A5-4376-A066-2A32D752A2FF}</UniqueIdentifier>
      <Extensions>cpp;c;cc;cxx;c++;cppm;ixx;def;odl;idl;hpj;bat;asm;asmx</Extensions>
    </Filter>
    <Filter Include="Файлы заголовков">
      <UniqueIdentifier>{93995380-89BD-4b04-88EB-625FBE52EBFB}</UniqueIdentifier>
      <Extensions>h;hh;hpp;hxx;h++;hm;inl;inc;ipp;xsd</Extensions>
    </Filter>
    <Filter Include="Файлы ресурсов">
      <UniqueIdentifier>{67DA6AB6-F800-4c08-8B7A-83BB121AAD01}</UniqueIdentifier>
      <Extensions>rc;ico;cur;bmp;dlg;rc2;rct;bin;rgs;gif;jpg;jpeg;jpe;resx;tiff;tif;png;wav;mfcribbon-ms</Extensions>
    </Filter>
    <Filter Include="WinAppWindow">
      <UniqueIdentifier>{9fbc6bbf-98e8-43dc-9df3-a985c0cb0111}</UniqueIdentifier>
    </Filter>
    <Filter Include="Drivers">
      <UniqueIdentifier>{2d2183d0-e02c-4662-a276-24e8490b053f}</UniqueIdentifier>
    </Filter>
    <Filter Include="Drivers\WinIndicator">
      <UniqueIdentifier>{d6b5f9e3-18cc-4812-af48-5b48d80a6bc0}</UniqueIdentifier>
    </Filter>
    <Filter Include="Drivers\DI">
      <UniqueIdentifier>{b5c9dc6d-589b-4755-9cfe-bfcec54ff460}</UniqueIdentifier>
    </Filter>
    <Filter Include="threads">
      <UniqueIdentifier>{b1e9a00f-196a-45cb-aa6d-72934ca55c3a}</UniqueIdentifier>
    </Filter>
    <Filter Include="MCU">
      <UniqueIdentifier>{87c3417c-d3df-4c09-b318-c702cfe02c60}</UniqueIdentifier>
    </Filter>
    <Filter Include="MCU\App">
      <UniqueIdentifier>{08dcf034-c29c-4bbd-af9b-3c93fb46f7c9}</UniqueIdentifier>
    </Filter>
    <Filter Include="MCU\Indicator">
      <UniqueIdentifier>{d0dbc804-d3c9-42e4-99b2-a1b1b3182c5a}</UniqueIdentifier>
    </Filter>
    <Filter Include="MCU\Helpers">
      <UniqueIdentifier>{9673bd19-91b0-44bc-afa4-899d473a1a1f}</UniqueIdentifier>
    </Filter>
    <Filter Include="STM32">
      <UniqueIdentifier>{d64935c5-0185-4e4e-a92f-5f831ca99723}</UniqueIdentifier>
    </Filter>
    <Filter Include="MCU\ini">
      <UniqueIdentifier>{93e1e4dc-032c-4d3b-a87b-2d444fa09d26}</UniqueIdentifier>
    </Filter>
    <Filter Include="MCU\Router">
      <UniqueIdentifier>{7f6a03f7-2407-4d69-b1ae-69a63b999e32}</UniqueIdentifier>
    </Filter>
    <Filter Include="MCU\Slots">
      <UniqueIdentifier>{82a8abc0-02e6-4893-b4c0-ee5c89de6b66}</UniqueIdentifier>
    </Filter>
    <Filter Include="MCU\Msg">
      <UniqueIdentifier>{c160f1dc-d93c-42c1-a93a-286f96153340}</UniqueIdentifier>
    </Filter>
    <Filter Include="MCU\Buffer">
      <UniqueIdentifier>{2c554d83-0f7b-4a38-9354-edbd6f7468e4}</UniqueIdentifier>
    </Filter>
    <Filter Include="MCU\Parameters">
      <UniqueIdentifier>{ef3f0f3b-4cc0-49ad-bf4d-9917aeb424d5}</UniqueIdentifier>
    </Filter>
    <Filter Include="MCU\Page">
      <UniqueIdentifier>{9bbf65dc-3ebe-492d-848a-560726684f69}</UniqueIdentifier>
    </Filter>
    <Filter Include="MCU\DevicePollManager">
      <UniqueIdentifier>{25bb1cbd-81b6-41e0-a94e-613d87e3363d}</UniqueIdentifier>
    </Filter>
    <Filter Include="STM32\modbus">
      <UniqueIdentifier>{d8500a81-8edf-4801-ad1f-f67940e03c50}</UniqueIdentifier>
    </Filter>
    <Filter Include="Drivers\Resources">
      <UniqueIdentifier>{a90f98d3-9f38-4655-93de-92ccd7988b32}</UniqueIdentifier>
    </Filter>
    <Filter Include="MCU\Resources">
      <UniqueIdentifier>{3773b3b3-6d99-468e-9199-e9c79b2e5506}</UniqueIdentifier>
    </Filter>
    <Filter Include="MCU\IDrivers">
      <UniqueIdentifier>{5c576d9d-b318-4a69-9d73-7875876d248c}</UniqueIdentifier>
    </Filter>
  </ItemGroup>
  <ItemGroup>
    <ClInclude Include="framework.h">
      <Filter>Файлы заголовков</Filter>
    </ClInclude>
    <ClInclude Include="targetver.h">
      <Filter>Файлы заголовков</Filter>
    </ClInclude>
    <ClInclude Include="Resource.h">
      <Filter>Файлы заголовков</Filter>
    </ClInclude>
    <ClInclude Include="LIP-emulator.h">
      <Filter>Файлы заголовков</Filter>
    </ClInclude>
    <ClInclude Include="WinAppWindow\MainWindow.h">
      <Filter>WinAppWindow</Filter>
    </ClInclude>
    <ClInclude Include="..\..\App\MCU\App\App.h">
      <Filter>MCU\App</Filter>
    </ClInclude>
    <ClInclude Include="..\..\App\MCU\Indicator\Indicator.h">
      <Filter>MCU\Indicator</Filter>
    </ClInclude>
    <ClInclude Include="..\..\App\MCU\Indicator\LIP_5Nx.h">
      <Filter>MCU\Indicator</Filter>
    </ClInclude>
    <ClInclude Include="..\..\App\MCU\Helpers\utils.h">
      <Filter>MCU\Helpers</Filter>
    </ClInclude>
    <ClInclude Include="STM32\stm32f10x.h">
      <Filter>STM32</Filter>
    </ClInclude>
    <ClInclude Include="STM32\bastypes.h">
      <Filter>STM32</Filter>
    </ClInclude>
    <ClInclude Include="..\..\App\MCU\ini\IniResources.h">
      <Filter>MCU\ini</Filter>
    </ClInclude>
    <ClInclude Include="..\..\App\MCU\ini\parser.h">
      <Filter>MCU\ini</Filter>
    </ClInclude>
    <ClInclude Include="..\..\App\MCU\Router\Router.h">
      <Filter>MCU\Router</Filter>
    </ClInclude>
    <ClInclude Include="..\..\App\MCU\Slots\SlotHandlerType.h">
      <Filter>MCU\Slots</Filter>
    </ClInclude>
    <ClInclude Include="..\..\App\MCU\Msg\msg.h">
      <Filter>MCU\Msg</Filter>
    </ClInclude>
    <ClInclude Include="..\..\App\MCU\Buffer\Buffer.h">
      <Filter>MCU\Buffer</Filter>
    </ClInclude>
    <ClInclude Include="..\..\App\MCU\Parameters\GeneralCaseSignal.h">
      <Filter>MCU\Parameters</Filter>
    </ClInclude>
    <ClInclude Include="..\..\App\MCU\Parameters\InternalAdresation.h">
      <Filter>MCU\Parameters</Filter>
    </ClInclude>
    <ClInclude Include="..\..\App\MCU\Parameters\Parameter.h">
      <Filter>MCU\Parameters</Filter>
    </ClInclude>
    <ClInclude Include="..\..\App\MCU\Parameters\ParametersUtils.h">
      <Filter>MCU\Parameters</Filter>
    </ClInclude>
    <ClInclude Include="..\..\App\MCU\Parameters\Scale.h">
      <Filter>MCU\Parameters</Filter>
    </ClInclude>
    <ClInclude Include="..\..\App\MCU\Parameters\scaleutils.h">
      <Filter>MCU\Parameters</Filter>
    </ClInclude>
    <ClInclude Include="..\..\App\MCU\Parameters\signal.h">
      <Filter>MCU\Parameters</Filter>
    </ClInclude>
    <ClInclude Include="..\..\App\MCU\Parameters\SignalFactoty.h">
      <Filter>MCU\Parameters</Filter>
    </ClInclude>
    <ClInclude Include="..\..\App\MCU\Parameters\TBit.h">
      <Filter>MCU\Parameters</Filter>
    </ClInclude>
    <ClInclude Include="..\..\App\MCU\Parameters\TFloat.h">
      <Filter>MCU\Parameters</Filter>
    </ClInclude>
    <ClInclude Include="..\..\App\MCU\Parameters\TPrmList.h">
      <Filter>MCU\Parameters</Filter>
    </ClInclude>
    <ClInclude Include="..\..\App\MCU\Parameters\TS16BIT.h">
      <Filter>MCU\Parameters</Filter>
    </ClInclude>
    <ClInclude Include="..\..\App\MCU\Parameters\TU8BIT.h">
      <Filter>MCU\Parameters</Filter>
    </ClInclude>
    <ClInclude Include="..\..\App\MCU\Parameters\TU16BIT.h">
      <Filter>MCU\Parameters</Filter>
    </ClInclude>
    <ClInclude Include="..\..\App\MCU\Parameters\TU32BIT.h">
      <Filter>MCU\Parameters</Filter>
    </ClInclude>
    <ClInclude Include="..\..\App\MCU\Page\Page.h">
      <Filter>MCU\Page</Filter>
    </ClInclude>
    <ClInclude Include="..\..\App\MCU\DevicePollManager\DevicePollManager.h">
      <Filter>MCU\DevicePollManager</Filter>
    </ClInclude>
    <ClInclude Include="..\..\App\MCU\DevicePollManager\Slot.h">
      <Filter>MCU\DevicePollManager</Filter>
    </ClInclude>
    <ClInclude Include="..\..\App\MCU\crc16.h">
      <Filter>MCU</Filter>
    </ClInclude>
    <ClInclude Include="STM32\DMAIndicator.h">
      <Filter>STM32</Filter>
    </ClInclude>
    <ClInclude Include="threads\MainThread.h">
      <Filter>threads</Filter>
    </ClInclude>
    <ClInclude Include="STM32\modbus\modbus.h">
      <Filter>STM32\modbus</Filter>
    </ClInclude>
    <ClInclude Include="OutStream.h">
      <Filter>Файлы заголовков</Filter>
    </ClInclude>
    <ClInclude Include="..\..\App\MCU\Slots\HandlerSlotRead.h">
      <Filter>MCU\Slots</Filter>
    </ClInclude>
    <ClInclude Include="Drivers\WinIndicator\BaseWindow.h">
      <Filter>Drivers\WinIndicator</Filter>
    </ClInclude>
    <ClInclude Include="Drivers\WinIndicator\IndicatorContainer.h">
      <Filter>Drivers\WinIndicator</Filter>
    </ClInclude>
    <ClInclude Include="Drivers\WinIndicator\Segment.h">
      <Filter>Drivers\WinIndicator</Filter>
    </ClInclude>
    <ClInclude Include="Drivers\WinIndicator\Win7Segment.h">
      <Filter>Drivers\WinIndicator</Filter>
    </ClInclude>
    <ClInclude Include="Drivers\WinIndicator\WinLIP_5Nx.h">
      <Filter>Drivers\WinIndicator</Filter>
    </ClInclude>
    <ClInclude Include="Drivers\WinIndicator\WinLIPModule.h">
      <Filter>Drivers\WinIndicator</Filter>
    </ClInclude>
    <ClInclude Include="Drivers\BaseObject.h">
      <Filter>Drivers</Filter>
    </ClInclude>
    <ClInclude Include="Drivers\com_master_driver.h">
      <Filter>Drivers</Filter>
    </ClInclude>
    <ClInclude Include="Drivers\DI\WinDI.h">
      <Filter>Drivers\DI</Filter>
    </ClInclude>
    <ClInclude Include="Drivers\Resources\OSResources.h">
      <Filter>Drivers\Resources</Filter>
    </ClInclude>
    <ClInclude Include="..\..\App\MCU\Resources\InternalResources.h">
      <Filter>MCU\Resources</Filter>
    </ClInclude>
    <ClInclude Include="..\..\App\MCU\IDrivers\iresources.h">
      <Filter>MCU\IDrivers</Filter>
    </ClInclude>
    <ClInclude Include="..\..\App\MCU\DevicePollManager\Devices.h">
      <Filter>MCU\DevicePollManager</Filter>
    </ClInclude>
    <ClInclude Include="IniString.h">
      <Filter>MCU\Parameters</Filter>
    </ClInclude>
  </ItemGroup>
  <ItemGroup>
    <ClCompile Include="LIP-emulator.cpp">
      <Filter>Исходные файлы</Filter>
    </ClCompile>
    <ClCompile Include="WinAppWindow\MainWindow.cpp">
      <Filter>WinAppWindow</Filter>
    </ClCompile>
    <ClCompile Include="threads\MainThread.cpp">
      <Filter>threads</Filter>
    </ClCompile>
    <ClCompile Include="..\..\App\MCU\App\App.cpp">
      <Filter>MCU\App</Filter>
    </ClCompile>
    <ClCompile Include="..\..\App\MCU\Indicator\Indicator.cpp">
      <Filter>MCU\Indicator</Filter>
    </ClCompile>
    <ClCompile Include="..\..\App\MCU\Indicator\LIP_5Nx.cpp">
      <Filter>MCU\Indicator</Filter>
    </ClCompile>
    <ClCompile Include="..\..\App\MCU\Helpers\utils.cpp">
      <Filter>MCU\Helpers</Filter>
    </ClCompile>
    <ClCompile Include="..\..\App\MCU\ini\IniResources.cpp">
      <Filter>MCU\ini</Filter>
    </ClCompile>
    <ClCompile Include="..\..\App\MCU\ini\parser.cpp">
      <Filter>MCU\ini</Filter>
    </ClCompile>
    <ClCompile Include="..\..\App\MCU\Router\Router.cpp">
      <Filter>MCU\Router</Filter>
    </ClCompile>
    <ClCompile Include="..\..\App\MCU\Msg\msg.cpp">
      <Filter>MCU\Msg</Filter>
    </ClCompile>
    <ClCompile Include="..\..\App\MCU\Buffer\Buffer.cpp">
      <Filter>MCU\Buffer</Filter>
    </ClCompile>
    <ClCompile Include="..\..\App\MCU\Parameters\GeneralCaseSignal.cpp">
      <Filter>MCU\Parameters</Filter>
    </ClCompile>
    <ClCompile Include="..\..\App\MCU\Parameters\Parameter.cpp">
      <Filter>MCU\Parameters</Filter>
    </ClCompile>
    <ClCompile Include="..\..\App\MCU\Parameters\ParametersUtils.cpp">
      <Filter>MCU\Parameters</Filter>
    </ClCompile>
    <ClCompile Include="..\..\App\MCU\Parameters\Scale.cpp">
      <Filter>MCU\Parameters</Filter>
    </ClCompile>
    <ClCompile Include="..\..\App\MCU\Parameters\scaleutils.cpp">
      <Filter>MCU\Parameters</Filter>
    </ClCompile>
    <ClCompile Include="..\..\App\MCU\Parameters\signal.cpp">
      <Filter>MCU\Parameters</Filter>
    </ClCompile>
    <ClCompile Include="..\..\App\MCU\Parameters\SignalFactoty.cpp">
      <Filter>MCU\Parameters</Filter>
    </ClCompile>
    <ClCompile Include="..\..\App\MCU\Parameters\TBit.cpp">
      <Filter>MCU\Parameters</Filter>
    </ClCompile>
    <ClCompile Include="..\..\App\MCU\Parameters\TFloat.cpp">
      <Filter>MCU\Parameters</Filter>
    </ClCompile>
    <ClCompile Include="..\..\App\MCU\Parameters\TPrmList.cpp">
      <Filter>MCU\Parameters</Filter>
    </ClCompile>
    <ClCompile Include="..\..\App\MCU\Parameters\TS16BIT.cpp">
      <Filter>MCU\Parameters</Filter>
    </ClCompile>
    <ClCompile Include="..\..\App\MCU\Parameters\TU8BIT.cpp">
      <Filter>MCU\Parameters</Filter>
    </ClCompile>
    <ClCompile Include="..\..\App\MCU\Parameters\TU16BIT.cpp">
      <Filter>MCU\Parameters</Filter>
    </ClCompile>
    <ClCompile Include="..\..\App\MCU\Parameters\TU32BIT.cpp">
      <Filter>MCU\Parameters</Filter>
    </ClCompile>
    <ClCompile Include="..\..\App\MCU\Page\Page.cpp">
      <Filter>MCU\Page</Filter>
    </ClCompile>
    <ClCompile Include="..\..\App\MCU\DevicePollManager\DevicePollManager.cpp">
      <Filter>MCU\DevicePollManager</Filter>
    </ClCompile>
    <ClCompile Include="..\..\App\MCU\DevicePollManager\Slot.cpp">
      <Filter>MCU\DevicePollManager</Filter>
    </ClCompile>
    <ClCompile Include="..\..\App\MCU\crc16.c">
      <Filter>MCU</Filter>
    </ClCompile>
    <ClCompile Include="STM32\DMAIndicator.cpp">
      <Filter>STM32</Filter>
    </ClCompile>
    <ClCompile Include="OutStream.cpp">
      <Filter>Исходные файлы</Filter>
    </ClCompile>
    <ClCompile Include="..\..\App\MCU\Slots\HandlerSlotRead.cpp">
      <Filter>MCU\Slots</Filter>
    </ClCompile>
    <ClCompile Include="Drivers\WinIndicator\BaseWindow.cpp">
      <Filter>Drivers\WinIndicator</Filter>
    </ClCompile>
    <ClCompile Include="Drivers\WinIndicator\IndicatorContainer.cpp">
      <Filter>Drivers\WinIndicator</Filter>
    </ClCompile>
    <ClCompile Include="Drivers\WinIndicator\Segment.cpp">
      <Filter>Drivers\WinIndicator</Filter>
    </ClCompile>
    <ClCompile Include="Drivers\WinIndicator\Win7Segment.cpp">
      <Filter>Drivers\WinIndicator</Filter>
    </ClCompile>
    <ClCompile Include="Drivers\WinIndicator\WinLIP_5Nx.cpp">
      <Filter>Drivers\WinIndicator</Filter>
    </ClCompile>
    <ClCompile Include="Drivers\WinIndicator\WinLIPModule.cpp">
      <Filter>Drivers\WinIndicator</Filter>
    </ClCompile>
    <ClCompile Include="Drivers\BaseObject.cpp">
      <Filter>Drivers</Filter>
    </ClCompile>
    <ClCompile Include="Drivers\com_master_driver.cpp">
      <Filter>Drivers</Filter>
    </ClCompile>
    <ClCompile Include="Drivers\DI\WinDI.cpp">
      <Filter>Drivers\DI</Filter>
    </ClCompile>
    <ClCompile Include="Drivers\Resources\OSResources.cpp">
      <Filter>Drivers\Resources</Filter>
    </ClCompile>
    <ClCompile Include="..\..\App\MCU\Resources\InternalResources.cpp">
      <Filter>MCU\Resources</Filter>
    </ClCompile>
    <ClCompile Include="..\..\App\MCU\DevicePollManager\Devices.cpp">
      <Filter>MCU\DevicePollManager</Filter>
    </ClCompile>
    <ClCompile Include="IniString.cpp">
      <Filter>Исходные файлы</Filter>
    </ClCompile>
  </ItemGroup>
  <ItemGroup>
    <ResourceCompile Include="LIP-emulator.rc">
      <Filter>Файлы ресурсов</Filter>
    </ResourceCompile>
  </ItemGroup>
  <ItemGroup>
    <Image Include="small.ico">
      <Filter>Файлы ресурсов</Filter>
    </Image>
    <Image Include="LIP-emulator.ico">
      <Filter>Файлы ресурсов</Filter>
    </Image>
  </ItemGroup>
</Project>